
Microsoft Visual Studio Solution File, Format Version 12.00
# Visual Studio Version 16
VisualStudioVersion = 16.0.30002.166
MinimumVisualStudioVersion = 10.0.40219.1
Project("{FAE04EC0-301F-11D3-BF4B-00C04F79EFBC}") = "ServerC", "ServerC.csproj", "{B6E4AF00-4B89-4D98-8997-05A422E5DB4E}"
EndProject
Global
	GlobalSection(SolutionConfigurationPlatforms) = preSolution
		Debug|Any CPU = Debug|Any CPU
		Release|Any CPU = Release|Any CPU
	EndGlobalSection
	GlobalSection(ProjectConfigurationPlatforms) = postSolution
		{B6E4AF00-4B89-4D98-8997-05A422E5DB4E}.Debug|Any CPU.ActiveCfg = Debug|Any CPU
		{B6E4AF00-4B89-4D98-8997-05A422E5DB4E}.Debug|Any CPU.Build.0 = Debug|Any CPU
		{B6E4AF00-4B89-4D98-8997-05A422E5DB4E}.Release|Any CPU.ActiveCfg = Release|Any CPU
		{B6E4AF00-4B89-4D98-8997-05A422E5DB4E}.Release|Any CPU.Build.0 = Release|Any CPU
	EndGlobalSection
	GlobalSection(SolutionProperties) = preSolution
		HideSolutionNode = FALSE
	EndGlobalSection
	GlobalSection(ExtensibilityGlobals) = postSolution
		SolutionGuid = {1AC6DBDC-BDC7-4AC9-A8B4-CB1BF34BCE56}
	EndGlobalSection
EndGlobal
